
Microsoft Visual Studio Solution File, Format Version 12.00
# Visual Studio Version 17
VisualStudioVersion = 17.3.32825.248
MinimumVisualStudioVersion = 10.0.40219.1
Project("{8BC9CEB8-8B4A-11D0-8D11-00A0C91BC942}") = "1", "1\1.vcxproj", "{D56898B0-8982-4E4C-8B2F-7F07213EE199}"
EndProject
Global
	GlobalSection(SolutionConfigurationPlatforms) = preSolution
		Debug|x64 = Debug|x64
		Debug|x86 = Debug|x86
		Release|x64 = Release|x64
		Release|x86 = Release|x86
	EndGlobalSection
	GlobalSection(ProjectConfigurationPlatforms) = postSolution
		{D56898B0-8982-4E4C-8B2F-7F07213EE199}.Debug|x64.ActiveCfg = Debug|x64
		{D56898B0-8982-4E4C-8B2F-7F07213EE199}.Debug|x64.Build.0 = Debug|x64
		{D56898B0-8982-4E4C-8B2F-7F07213EE199}.Debug|x86.ActiveCfg = Debug|Win32
		{D56898B0-8982-4E4C-8B2F-7F07213EE199}.Debug|x86.Build.0 = Debug|Win32
		{D56898B0-8982-4E4C-8B2F-7F07213EE199}.Release|x64.ActiveCfg = Release|x64
		{D56898B0-8982-4E4C-8B2F-7F07213EE199}.Release|x64.Build.0 = Release|x64
		{D56898B0-8982-4E4C-8B2F-7F07213EE199}.Release|x86.ActiveCfg = Release|Win32
		{D56898B0-8982-4E4C-8B2F-7F07213EE199}.Release|x86.Build.0 = Release|Win32
	EndGlobalSection
	GlobalSection(SolutionProperties) = preSolution
		HideSolutionNode = FALSE
	EndGlobalSection
	GlobalSection(ExtensibilityGlobals) = postSolution
		SolutionGuid = {05274443-245E-46FC-B9B6-63104A8E9BD6}
	EndGlobalSection
EndGlobal
